// !$*UTF8*$!
{
	archiveVersion = 1;
	classes = {
	};
	objectVersion = 50;
	objects = {

/* Begin PBXBuildFile section */
		9548EBC32654203E002273F3 /* Creating_and_Combining_ViewsApp.swift in Sources */ = {isa = PBXBuildFile; fileRef = 9548EBC22654203E002273F3 /* Creating_and_Combining_ViewsApp.swift */; };
		9548EBC52654203E002273F3 /* ContentView.swift in Sources */ = {isa = PBXBuildFile; fileRef = 9548EBC42654203E002273F3 /* ContentView.swift */; };
		9548EBC726542040002273F3 /* Assets.xcassets in Resources */ = {isa = PBXBuildFile; fileRef = 9548EBC626542040002273F3 /* Assets.xcassets */; };
		9548EBCA26542040002273F3 /* Preview Assets.xcassets in Resources */ = {isa = PBXBuildFile; fileRef = 9548EBC926542040002273F3 /* Preview Assets.xcassets */; };
		9548EBD526542040002273F3 /* Creating_and_Combining_ViewsTests.swift in Sources */ = {isa = PBXBuildFile; fileRef = 9548EBD426542040002273F3 /* Creating_and_Combining_ViewsTests.swift */; };
		9548EBE026542040002273F3 /* Creating_and_Combining_ViewsUITests.swift in Sources */ = {isa = PBXBuildFile; fileRef = 9548EBDF26542040002273F3 /* Creating_and_Combining_ViewsUITests.swift */; };
		9548EBF02654249C002273F3 /* CircleImage.swift in Sources */ = {isa = PBXBuildFile; fileRef = 9548EBEF2654249C002273F3 /* CircleImage.swift */; };
		9548EBF426542810002273F3 /* MapView.swift in Sources */ = {isa = PBXBuildFile; fileRef = 9548EBF326542810002273F3 /* MapView.swift */; };
/* End PBXBuildFile section */

/* Begin PBXContainerItemProxy section */
		9548EBD126542040002273F3 /* PBXContainerItemProxy */ = {
			isa = PBXContainerItemProxy;
			containerPortal = 9548EBB72654203E002273F3 /* Project object */;
			proxyType = 1;
			remoteGlobalIDString = 9548EBBE2654203E002273F3;
			remoteInfo = "Creating and Combining Views";
		};
		9548EBDC26542040002273F3 /* PBXContainerItemProxy */ = {
			isa = PBXContainerItemProxy;
			containerPortal = 9548EBB72654203E002273F3 /* Project object */;
			proxyType = 1;
			remoteGlobalIDString = 9548EBBE2654203E002273F3;
			remoteInfo = "Creating and Combining Views";
		};
/* End PBXContainerItemProxy section */

/* Begin PBXFileReference section */
		9548EBBF2654203E002273F3 /* Creating and Combining Views.app */ = {isa = PBXFileReference; explicitFileType = wrapper.application; includeInIndex = 0; path = "Creating and Combining Views.app"; sourceTree = BUILT_PRODUCTS_DIR; };
		9548EBC22654203E002273F3 /* Creating_and_Combining_ViewsApp.swift */ = {isa = PBXFileReference; lastKnownFileType = sourcecode.swift; path = Creating_and_Combining_ViewsApp.swift; sourceTree = "<group>"; };
		9548EBC42654203E002273F3 /* ContentView.swift */ = {isa = PBXFileReference; lastKnownFileType = sourcecode.swift; path = ContentView.swift; sourceTree = "<group>"; };
		9548EBC626542040002273F3 /* Assets.xcassets */ = {isa = PBXFileReference; lastKnownFileType = folder.assetcatalog; path = Assets.xcassets; sourceTree = "<group>"; };
		9548EBC926542040002273F3 /* Preview Assets.xcassets */ = {isa = PBXFileReference; lastKnownFileType = folder.assetcatalog; path = "Preview Assets.xcassets"; sourceTree = "<group>"; };
		9548EBCB26542040002273F3 /* Info.plist */ = {isa = PBXFileReference; lastKnownFileType = text.plist.xml; path = Info.plist; sourceTree = "<group>"; };
		9548EBD026542040002273F3 /* Creating and Combining ViewsTests.xctest */ = {isa = PBXFileReference; explicitFileType = wrapper.cfbundle; includeInIndex = 0; path = "Creating and Combining ViewsTests.xctest"; sourceTree = BUILT_PRODUCTS_DIR; };
		9548EBD426542040002273F3 /* Creating_and_Combining_ViewsTests.swift */ = {isa = PBXFileReference; lastKnownFileType = sourcecode.swift; path = Creating_and_Combining_ViewsTests.swift; sourceTree = "<group>"; };
		9548EBD626542040002273F3 /* Info.plist */ = {isa = PBXFileReference; lastKnownFileType = text.plist.xml; path = Info.plist; sourceTree = "<group>"; };
		9548EBDB26542040002273F3 /* Creating and Combining ViewsUITests.xctest */ = {isa = PBXFileReference; explicitFileType = wrapper.cfbundle; includeInIndex = 0; path = "Creating and Combining ViewsUITests.xctest"; sourceTree = BUILT_PRODUCTS_DIR; };
		9548EBDF26542040002273F3 /* Creating_and_Combining_ViewsUITests.swift */ = {isa = PBXFileReference; lastKnownFileType = sourcecode.swift; path = Creating_and_Combining_ViewsUITests.swift; sourceTree = "<group>"; };
		9548EBE126542040002273F3 /* Info.plist */ = {isa = PBXFileReference; lastKnownFileType = text.plist.xml; path = Info.plist; sourceTree = "<group>"; };
		9548EBEF2654249C002273F3 /* CircleImage.swift */ = {isa = PBXFileReference; lastKnownFileType = sourcecode.swift; path = CircleImage.swift; sourceTree = "<group>"; };
		9548EBF326542810002273F3 /* MapView.swift */ = {isa = PBXFileReference; lastKnownFileType = sourcecode.swift; path = MapView.swift; sourceTree = "<group>"; };
/* End PBXFileReference section */

/* Begin PBXFrameworksBuildPhase section */
		9548EBBC2654203E002273F3 /* Frameworks */ = {
			isa = PBXFrameworksBuildPhase;
			buildActionMask = 2147483647;
			files = (
			);
			runOnlyForDeploymentPostprocessing = 0;
		};
		9548EBCD26542040002273F3 /* Frameworks */ = {
			isa = PBXFrameworksBuildPhase;
			buildActionMask = 2147483647;
			files = (
			);
			runOnlyForDeploymentPostprocessing = 0;
		};
		9548EBD826542040002273F3 /* Frameworks */ = {
			isa = PBXFrameworksBuildPhase;
			buildActionMask = 2147483647;
			files = (
			);
			runOnlyForDeploymentPostprocessing = 0;
		};
/* End PBXFrameworksBuildPhase section */

/* Begin PBXGroup section */
		9548EBB62654203E002273F3 = {
			isa = PBXGroup;
			children = (
				9548EBC12654203E002273F3 /* Creating and Combining Views */,
				9548EBD326542040002273F3 /* Creating and Combining ViewsTests */,
				9548EBDE26542040002273F3 /* Creating and Combining ViewsUITests */,
				9548EBC02654203E002273F3 /* Products */,
			);
			sourceTree = "<group>";
		};
		9548EBC02654203E002273F3 /* Products */ = {
			isa = PBXGroup;
			children = (
				9548EBBF2654203E002273F3 /* Creating and Combining Views.app */,
				9548EBD026542040002273F3 /* Creating and Combining ViewsTests.xctest */,
				9548EBDB26542040002273F3 /* Creating and Combining ViewsUITests.xctest */,
			);
			name = Products;
			sourceTree = "<group>";
		};
		9548EBC12654203E002273F3 /* Creating and Combining Views */ = {
			isa = PBXGroup;
			children = (
				9548EBC22654203E002273F3 /* Creating_and_Combining_ViewsApp.swift */,
				9548EBC42654203E002273F3 /* ContentView.swift */,
				9548EBEF2654249C002273F3 /* CircleImage.swift */,
				9548EBF326542810002273F3 /* MapView.swift */,
				9548EBC626542040002273F3 /* Assets.xcassets */,
				9548EBCB26542040002273F3 /* Info.plist */,
				9548EBC826542040002273F3 /* Preview Content */,
			);
			path = "Creating and Combining Views";
			sourceTree = "<group>";
		};
		9548EBC826542040002273F3 /* Preview Content */ = {
			isa = PBXGroup;
			children = (
				9548EBC926542040002273F3 /* Preview Assets.xcassets */,
			);
			path = "Preview Content";
			sourceTree = "<group>";
		};
		9548EBD326542040002273F3 /* Creating and Combining ViewsTests */ = {
			isa = PBXGroup;
			children = (
				9548EBD426542040002273F3 /* Creating_and_Combining_ViewsTests.swift */,
				9548EBD626542040002273F3 /* Info.plist */,
			);
			path = "Creating and Combining ViewsTests";
			sourceTree = "<group>";
		};
		9548EBDE26542040002273F3 /* Creating and Combining ViewsUITests */ = {
			isa = PBXGroup;
			children = (
				9548EBDF26542040002273F3 /* Creating_and_Combining_ViewsUITests.swift */,
				9548EBE126542040002273F3 /* Info.plist */,
			);
			path = "Creating and Combining ViewsUITests";
			sourceTree = "<group>";
		};
/* End PBXGroup section */

/* Begin PBXNativeTarget section */
		9548EBBE2654203E002273F3 /* Creating and Combining Views */ = {
			isa = PBXNativeTarget;
			buildConfigurationList = 9548EBE426542040002273F3 /* Build configuration list for PBXNativeTarget "Creating and Combining Views" */;
			buildPhases = (
				9548EBBB2654203E002273F3 /* Sources */,
				9548EBBC2654203E002273F3 /* Frameworks */,
				9548EBBD2654203E002273F3 /* Resources */,
			);
			buildRules = (
			);
			dependencies = (
			);
			name = "Creating and Combining Views";
			productName = "Creating and Combining Views";
			productReference = 9548EBBF2654203E002273F3 /* Creating and Combining Views.app */;
			productType = "com.apple.product-type.application";
		};
		9548EBCF26542040002273F3 /* Creating and Combining ViewsTests */ = {
			isa = PBXNativeTarget;
			buildConfigurationList = 9548EBE726542040002273F3 /* Build configuration list for PBXNativeTarget "Creating and Combining ViewsTests" */;
			buildPhases = (
				9548EBCC26542040002273F3 /* Sources */,
				9548EBCD26542040002273F3 /* Frameworks */,
				9548EBCE26542040002273F3 /* Resources */,
			);
			buildRules = (
			);
			dependencies = (
				9548EBD226542040002273F3 /* PBXTargetDependency */,
			);
			name = "Creating and Combining ViewsTests";
			productName = "Creating and Combining ViewsTests";
			productReference = 9548EBD026542040002273F3 /* Creating and Combining ViewsTests.xctest */;
			productType = "com.apple.product-type.bundle.unit-test";
		};
		9548EBDA26542040002273F3 /* Creating and Combining ViewsUITests */ = {
			isa = PBXNativeTarget;
			buildConfigurationList = 9548EBEA26542040002273F3 /* Build configuration list for PBXNativeTarget "Creating and Combining ViewsUITests" */;
			buildPhases = (
				9548EBD726542040002273F3 /* Sources */,
				9548EBD826542040002273F3 /* Frameworks */,
				9548EBD926542040002273F3 /* Resources */,
			);
			buildRules = (
			);
			dependencies = (
				9548EBDD26542040002273F3 /* PBXTargetDependency */,
			);
			name = "Creating and Combining ViewsUITests";
			productName = "Creating and Combining ViewsUITests";
			productReference = 9548EBDB26542040002273F3 /* Creating and Combining ViewsUITests.xctest */;
			productType = "com.apple.product-type.bundle.ui-testing";
		};
/* End PBXNativeTarget section */

/* Begin PBXProject section */
		9548EBB72654203E002273F3 /* Project object */ = {
			isa = PBXProject;
			attributes = {
				LastSwiftUpdateCheck = 1250;
				LastUpgradeCheck = 1250;
				TargetAttributes = {
					9548EBBE2654203E002273F3 = {
						CreatedOnToolsVersion = 12.5;
					};
					9548EBCF26542040002273F3 = {
						CreatedOnToolsVersion = 12.5;
						TestTargetID = 9548EBBE2654203E002273F3;
					};
					9548EBDA26542040002273F3 = {
						CreatedOnToolsVersion = 12.5;
						TestTargetID = 9548EBBE2654203E002273F3;
					};
				};
			};
			buildConfigurationList = 9548EBBA2654203E002273F3 /* Build configuration list for PBXProject "Creating and Combining Views" */;
			compatibilityVersion = "Xcode 9.3";
			developmentRegion = en;
			hasScannedForEncodings = 0;
			knownRegions = (
				en,
				Base,
			);
			mainGroup = 9548EBB62654203E002273F3;
			productRefGroup = 9548EBC02654203E002273F3 /* Products */;
			projectDirPath = "";
			projectRoot = "";
			targets = (
				9548EBBE2654203E002273F3 /* Creating and Combining Views */,
				9548EBCF26542040002273F3 /* Creating and Combining ViewsTests */,
				9548EBDA26542040002273F3 /* Creating and Combining ViewsUITests */,
			);
		};
/* End PBXProject section */

/* Begin PBXResourcesBuildPhase section */
		9548EBBD2654203E002273F3 /* Resources */ = {
			isa = PBXResourcesBuildPhase;
			buildActionMask = 2147483647;
			files = (
				9548EBCA26542040002273F3 /* Preview Assets.xcassets in Resources */,
				9548EBC726542040002273F3 /* Assets.xcassets in Resources */,
			);
			runOnlyForDeploymentPostprocessing = 0;
		};
		9548EBCE26542040002273F3 /* Resources */ = {
			isa = PBXResourcesBuildPhase;
			buildActionMask = 2147483647;
			files = (
			);
			runOnlyForDeploymentPostprocessing = 0;
		};
		9548EBD926542040002273F3 /* Resources */ = {
			isa = PBXResourcesBuildPhase;
			buildActionMask = 2147483647;
			files = (
			);
			runOnlyForDeploymentPostprocessing = 0;
		};
/* End PBXResourcesBuildPhase section */

/* Begin PBXSourcesBuildPhase section */
		9548EBBB2654203E002273F3 /* Sources */ = {
			isa = PBXSourcesBuildPhase;
			buildActionMask = 2147483647;
			files = (
				9548EBC52654203E002273F3 /* ContentView.swift in Sources */,
				9548EBF426542810002273F3 /* MapView.swift in Sources */,
				9548EBC32654203E002273F3 /* Creating_and_Combining_ViewsApp.swift in Sources */,
				9548EBF02654249C002273F3 /* CircleImage.swift in Sources */,
			);
			runOnlyForDeploymentPostprocessing = 0;
		};
		9548EBCC26542040002273F3 /* Sources */ = {
			isa = PBXSourcesBuildPhase;
			buildActionMask = 2147483647;
			files = (
				9548EBD526542040002273F3 /* Creating_and_Combining_ViewsTests.swift in Sources */,
			);
			runOnlyForDeploymentPostprocessing = 0;
		};
		9548EBD726542040002273F3 /* Sources */ = {
			isa = PBXSourcesBuildPhase;
			buildActionMask = 2147483647;
			files = (
				9548EBE026542040002273F3 /* Creating_and_Combining_ViewsUITests.swift in Sources */,
			);
			runOnlyForDeploymentPostprocessing = 0;
		};
/* End PBXSourcesBuildPhase section */

/* Begin PBXTargetDependency section */
		9548EBD226542040002273F3 /* PBXTargetDependency */ = {
			isa = PBXTargetDependency;
			target = 9548EBBE2654203E002273F3 /* Creating and Combining Views */;
			targetProxy = 9548EBD126542040002273F3 /* PBXContainerItemProxy */;
		};
		9548EBDD26542040002273F3 /* PBXTargetDependency */ = {
			isa = PBXTargetDependency;
			target = 9548EBBE2654203E002273F3 /* Creating and Combining Views */;
			targetProxy = 9548EBDC26542040002273F3 /* PBXContainerItemProxy */;
		};
/* End PBXTargetDependency section */

/* Begin XCBuildConfiguration section */
		9548EBE226542040002273F3 /* Debug */ = {
			isa = XCBuildConfiguration;
			buildSettings = {
				ALWAYS_SEARCH_USER_PATHS = NO;
				CLANG_ANALYZER_NONNULL = YES;
				CLANG_ANALYZER_NUMBER_OBJECT_CONVERSION = YES_AGGRESSIVE;
				CLANG_CXX_LANGUAGE_STANDARD = "gnu++14";
				CLANG_CXX_LIBRARY = "libc++";
				CLANG_ENABLE_MODULES = YES;
				CLANG_ENABLE_OBJC_ARC = YES;
				CLANG_ENABLE_OBJC_WEAK = YES;
				CLANG_WARN_BLOCK_CAPTURE_AUTORELEASING = YES;
				CLANG_WARN_BOOL_CONVERSION = YES;
				CLANG_WARN_COMMA = YES;
				CLANG_WARN_CONSTANT_CONVERSION = YES;
				CLANG_WARN_DEPRECATED_OBJC_IMPLEMENTATIONS = YES;
				CLANG_WARN_DIRECT_OBJC_ISA_USAGE = YES_ERROR;
				CLANG_WARN_DOCUMENTATION_COMMENTS = YES;
				CLANG_WARN_EMPTY_BODY = YES;
				CLANG_WARN_ENUM_CONVERSION = YES;
				CLANG_WARN_INFINITE_RECURSION = YES;
				CLANG_WARN_INT_CONVERSION = YES;
				CLANG_WARN_NON_LITERAL_NULL_CONVERSION = YES;
				CLANG_WARN_OBJC_IMPLICIT_RETAIN_SELF = YES;
				CLANG_WARN_OBJC_LITERAL_CONVERSION = YES;
				CLANG_WARN_OBJC_ROOT_CLASS = YES_ERROR;
				CLANG_WARN_QUOTED_INCLUDE_IN_FRAMEWORK_HEADER = YES;
				CLANG_WARN_RANGE_LOOP_ANALYSIS = YES;
				CLANG_WARN_STRICT_PROTOTYPES = YES;
				CLANG_WARN_SUSPICIOUS_MOVE = YES;
				CLANG_WARN_UNGUARDED_AVAILABILITY = YES_AGGRESSIVE;
				CLANG_WARN_UNREACHABLE_CODE = YES;
				CLANG_WARN__DUPLICATE_METHOD_MATCH = YES;
				COPY_PHASE_STRIP = NO;
				DEBUG_INFORMATION_FORMAT = dwarf;
				ENABLE_STRICT_OBJC_MSGSEND = YES;
				ENABLE_TESTABILITY = YES;
				GCC_C_LANGUAGE_STANDARD = gnu11;
				GCC_DYNAMIC_NO_PIC = NO;
				GCC_NO_COMMON_BLOCKS = YES;
				GCC_OPTIMIZATION_LEVEL = 0;
				GCC_PREPROCESSOR_DEFINITIONS = (
					"DEBUG=1",
					"$(inherited)",
				);
				GCC_WARN_64_TO_32_BIT_CONVERSION = YES;
				GCC_WARN_ABOUT_RETURN_TYPE = YES_ERROR;
				GCC_WARN_UNDECLARED_SELECTOR = YES;
				GCC_WARN_UNINITIALIZED_AUTOS = YES_AGGRESSIVE;
				GCC_WARN_UNUSED_FUNCTION = YES;
				GCC_WARN_UNUSED_VARIABLE = YES;
				IPHONEOS_DEPLOYMENT_TARGET = 14.5;
				MTL_ENABLE_DEBUG_INFO = INCLUDE_SOURCE;
				MTL_FAST_MATH = YES;
				ONLY_ACTIVE_ARCH = YES;
				SDKROOT = iphoneos;
				SWIFT_ACTIVE_COMPILATION_CONDITIONS = DEBUG;
				SWIFT_OPTIMIZATION_LEVEL = "-Onone";
			};
			name = Debug;
		};
		9548EBE326542040002273F3 /* Release */ = {
			isa = XCBuildConfiguration;
			buildSettings = {
				ALWAYS_SEARCH_USER_PATHS = NO;
				CLANG_ANALYZER_NONNULL = YES;
				CLANG_ANALYZER_NUMBER_OBJECT_CONVERSION = YES_AGGRESSIVE;
				CLANG_CXX_LANGUAGE_STANDARD = "gnu++14";
				CLANG_CXX_LIBRARY = "libc++";
				CLANG_ENABLE_MODULES = YES;
				CLANG_ENABLE_OBJC_ARC = YES;
				CLANG_ENABLE_OBJC_WEAK = YES;
				CLANG_WARN_BLOCK_CAPTURE_AUTORELEASING = YES;
				CLANG_WARN_BOOL_CONVERSION = YES;
				CLANG_WARN_COMMA = YES;
				CLANG_WARN_CONSTANT_CONVERSION = YES;
				CLANG_WARN_DEPRECATED_OBJC_IMPLEMENTATIONS = YES;
				CLANG_WARN_DIRECT_OBJC_ISA_USAGE = YES_ERROR;
				CLANG_WARN_DOCUMENTATION_COMMENTS = YES;
				CLANG_WARN_EMPTY_BODY = YES;
				CLANG_WARN_ENUM_CONVERSION = YES;
				CLANG_WARN_INFINITE_RECURSION = YES;
				CLANG_WARN_INT_CONVERSION = YES;
				CLANG_WARN_NON_LITERAL_NULL_CONVERSION = YES;
				CLANG_WARN_OBJC_IMPLICIT_RETAIN_SELF = YES;
				CLANG_WARN_OBJC_LITERAL_CONVERSION = YES;
				CLANG_WARN_OBJC_ROOT_CLASS = YES_ERROR;
				CLANG_WARN_QUOTED_INCLUDE_IN_FRAMEWORK_HEADER = YES;
				CLANG_WARN_RANGE_LOOP_ANALYSIS = YES;
				CLANG_WARN_STRICT_PROTOTYPES = YES;
				CLANG_WARN_SUSPICIOUS_MOVE = YES;
				CLANG_WARN_UNGUARDED_AVAILABILITY = YES_AGGRESSIVE;
				CLANG_WARN_UNREACHABLE_CODE = YES;
				CLANG_WARN__DUPLICATE_METHOD_MATCH = YES;
				COPY_PHASE_STRIP = NO;
				DEBUG_INFORMATION_FORMAT = "dwarf-with-dsym";
				ENABLE_NS_ASSERTIONS = NO;
				ENABLE_STRICT_OBJC_MSGSEND = YES;
				GCC_C_LANGUAGE_STANDARD = gnu11;
				GCC_NO_COMMON_BLOCKS = YES;
				GCC_WARN_64_TO_32_BIT_CONVERSION = YES;
				GCC_WARN_ABOUT_RETURN_TYPE = YES_ERROR;
				GCC_WARN_UNDECLARED_SELECTOR = YES;
				GCC_WARN_UNINITIALIZED_AUTOS = YES_AGGRESSIVE;
				GCC_WARN_UNUSED_FUNCTION = YES;
				GCC_WARN_UNUSED_VARIABLE = YES;
				IPHONEOS_DEPLOYMENT_TARGET = 14.5;
				MTL_ENABLE_DEBUG_INFO = NO;
				MTL_FAST_MATH = YES;
				SDKROOT = iphoneos;
				SWIFT_COMPILATION_MODE = wholemodule;
				SWIFT_OPTIMIZATION_LEVEL = "-O";
				VALIDATE_PRODUCT = YES;
			};
			name = Release;
		};
		9548EBE526542040002273F3 /* Debug */ = {
			isa = XCBuildConfiguration;
			buildSettings = {
				ASSETCATALOG_COMPILER_APPICON_NAME = AppIcon;
				ASSETCATALOG_COMPILER_GLOBAL_ACCENT_COLOR_NAME = AccentColor;
				CODE_SIGN_STYLE = Automatic;
				DEVELOPMENT_ASSET_PATHS = "\"Creating and Combining Views/Preview Content\"";
				DEVELOPMENT_TEAM = C3W3SL2TA2;
				ENABLE_PREVIEWS = YES;
				INFOPLIST_FILE = "Creating and Combining Views/Info.plist";
				IPHONEOS_DEPLOYMENT_TARGET = 14.0;
				LD_RUNPATH_SEARCH_PATHS = (
					"$(inherited)",
					"@executable_path/Frameworks",
				);
				PRODUCT_BUNDLE_IDENTIFIER = "io.github.aryasoni98.Creating-and-Combining-Views";
				PRODUCT_NAME = "$(TARGET_NAME)";
				SWIFT_VERSION = 5.0;
				TARGETED_DEVICE_FAMILY = "1,2";
			};
			name = Debug;
		};
		9548EBE626542040002273F3 /* Release */ = {
			isa = XCBuildConfiguration;
			buildSettings = {
				ASSETCATALOG_COMPILER_APPICON_NAME = AppIcon;
				ASSETCATALOG_COMPILER_GLOBAL_ACCENT_COLOR_NAME = AccentColor;
				CODE_SIGN_STYLE = Automatic;
				DEVELOPMENT_ASSET_PATHS = "\"Creating and Combining Views/Preview Content\"";
				DEVELOPMENT_TEAM = C3W3SL2TA2;
				ENABLE_PREVIEWS = YES;
				INFOPLIST_FILE = "Creating and Combining Views/Info.plist";
				IPHONEOS_DEPLOYMENT_TARGET = 14.0;
				LD_RUNPATH_SEARCH_PATHS = (
					"$(inherited)",
					"@executable_path/Frameworks",
				);
				PRODUCT_BUNDLE_IDENTIFIER = "io.github.aryasoni98.Creating-and-Combining-Views";
				PRODUCT_NAME = "$(TARGET_NAME)";
				SWIFT_VERSION = 5.0;
				TARGETED_DEVICE_FAMILY = "1,2";
			};
			name = Release;
		};
		9548EBE826542040002273F3 /* Debug */ = {
			isa = XCBuildConfiguration;
			buildSettings = {
				ALWAYS_EMBED_SWIFT_STANDARD_LIBRARIES = YES;
				BUNDLE_LOADER = "$(TEST_HOST)";
				CODE_SIGN_STYLE = Automatic;
				DEVELOPMENT_TEAM = C3W3SL2TA2;
				INFOPLIST_FILE = "Creating and Combining ViewsTests/Info.plist";
				IPHONEOS_DEPLOYMENT_TARGET = 14.0;
				LD_RUNPATH_SEARCH_PATHS = (
					"$(inherited)",
					"@executable_path/Frameworks",
					"@loader_path/Frameworks",
				);
				PRODUCT_BUNDLE_IDENTIFIER = "io.github.aryasoni98.Creating-and-Combining-ViewsTests";
				PRODUCT_NAME = "$(TARGET_NAME)";
				SWIFT_VERSION = 5.0;
				TARGETED_DEVICE_FAMILY = "1,2";
				TEST_HOST = "$(BUILT_PRODUCTS_DIR)/Creating and Combining Views.app/Creating and Combining Views";
			};
			name = Debug;
		};
		9548EBE926542040002273F3 /* Release */ = {
			isa = XCBuildConfiguration;
			buildSettings = {
				ALWAYS_EMBED_SWIFT_STANDARD_LIBRARIES = YES;
				BUNDLE_LOADER = "$(TEST_HOST)";
				CODE_SIGN_STYLE = Automatic;
				DEVELOPMENT_TEAM = C3W3SL2TA2;
				INFOPLIST_FILE = "Creating and Combining ViewsTests/Info.plist";
				IPHONEOS_DEPLOYMENT_TARGET = 14.0;
				LD_RUNPATH_SEARCH_PATHS = (
					"$(inherited)",
					"@executable_path/Frameworks",
					"@loader_path/Frameworks",
				);
				PRODUCT_BUNDLE_IDENTIFIER = "io.github.aryasoni98.Creating-and-Combining-ViewsTests";
				PRODUCT_NAME = "$(TARGET_NAME)";
				SWIFT_VERSION = 5.0;
				TARGETED_DEVICE_FAMILY = "1,2";
				TEST_HOST = "$(BUILT_PRODUCTS_DIR)/Creating and Combining Views.app/Creating and Combining Views";
			};
			name = Release;
		};
		9548EBEB26542040002273F3 /* Debug */ = {
			isa = XCBuildConfiguration;
			buildSettings = {
				ALWAYS_EMBED_SWIFT_STANDARD_LIBRARIES = YES;
				CODE_SIGN_STYLE = Automatic;
				DEVELOPMENT_TEAM = C3W3SL2TA2;
				INFOPLIST_FILE = "Creating and Combining ViewsUITests/Info.plist";
				LD_RUNPATH_SEARCH_PATHS = (
					"$(inherited)",
					"@executable_path/Frameworks",
					"@loader_path/Frameworks",
				);
				PRODUCT_BUNDLE_IDENTIFIER = "io.github.aryasoni98.Creating-and-Combining-ViewsUITests";
				PRODUCT_NAME = "$(TARGET_NAME)";
				SWIFT_VERSION = 5.0;
				TARGETED_DEVICE_FAMILY = "1,2";
				TEST_TARGET_NAME = "Creating and Combining Views";
			};
			name = Debug;
		};
		9548EBEC26542040002273F3 /* Release */ = {
			isa = XCBuildConfiguration;
			buildSettings = {
				ALWAYS_EMBED_SWIFT_STANDARD_LIBRARIES = YES;
				CODE_SIGN_STYLE = Automatic;
				DEVELOPMENT_TEAM = C3W3SL2TA2;
				INFOPLIST_FILE = "Creating and Combining ViewsUITests/Info.plist";
				LD_RUNPATH_SEARCH_PATHS = (
					"$(inherited)",
					"@executable_path/Frameworks",
					"@loader_path/Frameworks",
				);
				PRODUCT_BUNDLE_IDENTIFIER = "io.github.aryasoni98.Creating-and-Combining-ViewsUITests";
				PRODUCT_NAME = "$(TARGET_NAME)";
				SWIFT_VERSION = 5.0;
				TARGETED_DEVICE_FAMILY = "1,2";
				TEST_TARGET_NAME = "Creating and Combining Views";
			};
			name = Release;
		};
/* End XCBuildConfiguration section */

/* Begin XCConfigurationList section */
		9548EBBA2654203E002273F3 /* Build configuration list for PBXProject "Creating and Combining Views" */ = {
			isa = XCConfigurationList;
			buildConfigurations = (
				9548EBE226542040002273F3 /* Debug */,
				9548EBE326542040002273F3 /* Release */,
			);
			defaultConfigurationIsVisible = 0;
			defaultConfigurationName = Release;
		};
		9548EBE426542040002273F3 /* Build configuration list for PBXNativeTarget "Creating and Combining Views" */ = {
			isa = XCConfigurationList;
			buildConfigurations = (
				9548EBE526542040002273F3 /* Debug */,
				9548EBE626542040002273F3 /* Release */,
			);
			defaultConfigurationIsVisible = 0;
			defaultConfigurationName = Release;
		};
		9548EBE726542040002273F3 /* Build configuration list for PBXNativeTarget "Creating and Combining ViewsTests" */ = {
			isa = XCConfigurationList;
			buildConfigurations = (
				9548EBE826542040002273F3 /* Debug */,
				9548EBE926542040002273F3 /* Release */,
			);
			defaultConfigurationIsVisible = 0;
			defaultConfigurationName = Release;
		};
		9548EBEA26542040002273F3 /* Build configuration list for PBXNativeTarget "Creating and Combining ViewsUITests" */ = {
			isa = XCConfigurationList;
			buildConfigurations = (
				9548EBEB26542040002273F3 /* Debug */,
				9548EBEC26542040002273F3 /* Release */,
			);
			defaultConfigurationIsVisible = 0;
			defaultConfigurationName = Release;
		};
/* End XCConfigurationList section */
	};
	rootObject = 9548EBB72654203E002273F3 /* Project object */;
}
